
Microsoft Visual Studio Solution File, Format Version 12.00
# Visual Studio Version 17
VisualStudioVersion = 17.8.34511.84
MinimumVisualStudioVersion = 10.0.40219.1
Project("{9A19103F-16F7-4668-BE54-9A1E7A4F7556}") = "PorjectV1Web_Server", "PorjectV1Web_Server\PorjectV1Web_Server.csproj", "{97246FB8-BD1A-428F-8EA8-A8AEA161BEB5}"
EndProject
Project("{9A19103F-16F7-4668-BE54-9A1E7A4F7556}") = "ProjectV1Web_Client", "ProjectV1Web_Client\ProjectV1Web_Client.csproj", "{B26FCB94-A883-48EE-8956-F57DF78E5965}"
EndProject
Project("{9A19103F-16F7-4668-BE54-9A1E7A4F7556}") = "ProjectV1Web_Models", "ProjectV1Web_Models\ProjectV1Web_Models.csproj", "{1366F4D7-60D2-40D9-B6D6-BC8F1DDCBCF4}"
EndProject
Global
	GlobalSection(SolutionConfigurationPlatforms) = preSolution
		Debug|Any CPU = Debug|Any CPU
		Release|Any CPU = Release|Any CPU
	EndGlobalSection
	GlobalSection(ProjectConfigurationPlatforms) = postSolution
		{97246FB8-BD1A-428F-8EA8-A8AEA161BEB5}.Debug|Any CPU.ActiveCfg = Debug|Any CPU
		{97246FB8-BD1A-428F-8EA8-A8AEA161BEB5}.Debug|Any CPU.Build.0 = Debug|Any CPU
		{97246FB8-BD1A-428F-8EA8-A8AEA161BEB5}.Release|Any CPU.ActiveCfg = Release|Any CPU
		{97246FB8-BD1A-428F-8EA8-A8AEA161BEB5}.Release|Any CPU.Build.0 = Release|Any CPU
		{B26FCB94-A883-48EE-8956-F57DF78E5965}.Debug|Any CPU.ActiveCfg = Debug|Any CPU
		{B26FCB94-A883-48EE-8956-F57DF78E5965}.Debug|Any CPU.Build.0 = Debug|Any CPU
		{B26FCB94-A883-48EE-8956-F57DF78E5965}.Release|Any CPU.ActiveCfg = Release|Any CPU
		{B26FCB94-A883-48EE-8956-F57DF78E5965}.Release|Any CPU.Build.0 = Release|Any CPU
		{1366F4D7-60D2-40D9-B6D6-BC8F1DDCBCF4}.Debug|Any CPU.ActiveCfg = Debug|Any CPU
		{1366F4D7-60D2-40D9-B6D6-BC8F1DDCBCF4}.Debug|Any CPU.Build.0 = Debug|Any CPU
		{1366F4D7-60D2-40D9-B6D6-BC8F1DDCBCF4}.Release|Any CPU.ActiveCfg = Release|Any CPU
		{1366F4D7-60D2-40D9-B6D6-BC8F1DDCBCF4}.Release|Any CPU.Build.0 = Release|Any CPU
	EndGlobalSection
	GlobalSection(SolutionProperties) = preSolution
		HideSolutionNode = FALSE
	EndGlobalSection
	GlobalSection(ExtensibilityGlobals) = postSolution
		SolutionGuid = {46A711AF-2A8F-4596-B35D-09389C4F7D7D}
	EndGlobalSection
EndGlobal
