
Microsoft Visual Studio Solution File, Format Version 12.00
# Visual Studio Version 17
VisualStudioVersion = 17.8.34511.84
MinimumVisualStudioVersion = 10.0.40219.1
Project("{9A19103F-16F7-4668-BE54-9A1E7A4F7556}") = "PorjectV1Web_Server", "PorjectV1Web_Server\PorjectV1Web_Server.csproj", "{97246FB8-BD1A-428F-8EA8-A8AEA161BEB5}"
EndProject
Project("{9A19103F-16F7-4668-BE54-9A1E7A4F7556}") = "ProjectV1Web_Client", "ProjectV1Web_Client\ProjectV1Web_Client.csproj", "{B26FCB94-A883-48EE-8956-F57DF78E5965}"
EndProject
Project("{9A19103F-16F7-4668-BE54-9A1E7A4F7556}") = "ProjectV1Web_Models", "ProjectV1Web_Models\ProjectV1Web_Models.csproj", "{1366F4D7-60D2-40D9-B6D6-BC8F1DDCBCF4}"
EndProject
Project("{FAE04EC0-301F-11D3-BF4B-00C04F79EFBC}") = "ProjectV1Web_Buisness", "ProjectV1Web_Buisness\ProjectV1Web_Buisness.csproj", "{9F4615A1-6DC0-4FBC-AB47-A76DE018AF92}"
EndProject
Project("{FAE04EC0-301F-11D3-BF4B-00C04F79EFBC}") = "ProjectV1Web_Common", "ProjectV1Web_Common\ProjectV1Web_Common.csproj", "{F854FC71-19EA-4F2F-BC63-6FF01AACF0B3}"
EndProject
Project("{FAE04EC0-301F-11D3-BF4B-00C04F79EFBC}") = "ProjectV1Web_DataAccess", "ProjectV1Web_DataAccess\ProjectV1Web_DataAccess.csproj", "{339715F8-831F-4DCA-A229-1BA729FEF38E}"
EndProject
Global
	GlobalSection(SolutionConfigurationPlatforms) = preSolution
		Debug|Any CPU = Debug|Any CPU
		Release|Any CPU = Release|Any CPU
	EndGlobalSection
	GlobalSection(ProjectConfigurationPlatforms) = postSolution
		{97246FB8-BD1A-428F-8EA8-A8AEA161BEB5}.Debug|Any CPU.ActiveCfg = Debug|Any CPU
		{97246FB8-BD1A-428F-8EA8-A8AEA161BEB5}.Debug|Any CPU.Build.0 = Debug|Any CPU
		{97246FB8-BD1A-428F-8EA8-A8AEA161BEB5}.Release|Any CPU.ActiveCfg = Release|Any CPU
		{97246FB8-BD1A-428F-8EA8-A8AEA161BEB5}.Release|Any CPU.Build.0 = Release|Any CPU
		{B26FCB94-A883-48EE-8956-F57DF78E5965}.Debug|Any CPU.ActiveCfg = Debug|Any CPU
		{B26FCB94-A883-48EE-8956-F57DF78E5965}.Debug|Any CPU.Build.0 = Debug|Any CPU
		{B26FCB94-A883-48EE-8956-F57DF78E5965}.Release|Any CPU.ActiveCfg = Release|Any CPU
		{B26FCB94-A883-48EE-8956-F57DF78E5965}.Release|Any CPU.Build.0 = Release|Any CPU
		{1366F4D7-60D2-40D9-B6D6-BC8F1DDCBCF4}.Debug|Any CPU.ActiveCfg = Debug|Any CPU
		{1366F4D7-60D2-40D9-B6D6-BC8F1DDCBCF4}.Debug|Any CPU.Build.0 = Debug|Any CPU
		{1366F4D7-60D2-40D9-B6D6-BC8F1DDCBCF4}.Release|Any CPU.ActiveCfg = Release|Any CPU
		{1366F4D7-60D2-40D9-B6D6-BC8F1DDCBCF4}.Release|Any CPU.Build.0 = Release|Any CPU
		{9F4615A1-6DC0-4FBC-AB47-A76DE018AF92}.Debug|Any CPU.ActiveCfg = Debug|Any CPU
		{9F4615A1-6DC0-4FBC-AB47-A76DE018AF92}.Debug|Any CPU.Build.0 = Debug|Any CPU
		{9F4615A1-6DC0-4FBC-AB47-A76DE018AF92}.Release|Any CPU.ActiveCfg = Release|Any CPU
		{9F4615A1-6DC0-4FBC-AB47-A76DE018AF92}.Release|Any CPU.Build.0 = Release|Any CPU
		{F854FC71-19EA-4F2F-BC63-6FF01AACF0B3}.Debug|Any CPU.ActiveCfg = Debug|Any CPU
		{F854FC71-19EA-4F2F-BC63-6FF01AACF0B3}.Debug|Any CPU.Build.0 = Debug|Any CPU
		{F854FC71-19EA-4F2F-BC63-6FF01AACF0B3}.Release|Any CPU.ActiveCfg = Release|Any CPU
		{F854FC71-19EA-4F2F-BC63-6FF01AACF0B3}.Release|Any CPU.Build.0 = Release|Any CPU
		{339715F8-831F-4DCA-A229-1BA729FEF38E}.Debug|Any CPU.ActiveCfg = Debug|Any CPU
		{339715F8-831F-4DCA-A229-1BA729FEF38E}.Debug|Any CPU.Build.0 = Debug|Any CPU
		{339715F8-831F-4DCA-A229-1BA729FEF38E}.Release|Any CPU.ActiveCfg = Release|Any CPU
		{339715F8-831F-4DCA-A229-1BA729FEF38E}.Release|Any CPU.Build.0 = Release|Any CPU
	EndGlobalSection
	GlobalSection(SolutionProperties) = preSolution
		HideSolutionNode = FALSE
	EndGlobalSection
	GlobalSection(ExtensibilityGlobals) = postSolution
		SolutionGuid = {46A711AF-2A8F-4596-B35D-09389C4F7D7D}
	EndGlobalSection
EndGlobal
